{
    "_readme": [
        "This file locks the dependencies of your project to a known state",
        "Read more about it at https://getcomposer.org/doc/01-basic-usage.md#composer-lock-the-lock-file",
        "This file is @generated automatically"
    ],
    "hash": "96fe9548251b6d95189d1e448f599286",
    "content-hash": "5bd9d69f8baf45648edaeaf85ad6d7a1",
    "packages": [
        {
            "name": "blueimp/jquery-file-upload",
            "version": "dev-master",
            "source": {
                "type": "git",
                "url": "https://github.com/vkhramtsov/jQuery-File-Upload.git",
                "reference": "05525ddb18fb35b0d0558b760680b2e645a8b490"
            },
            "dist": {
                "type": "zip",
                "url": "https://api.github.com/repos/vkhramtsov/jQuery-File-Upload/zipball/05525ddb18fb35b0d0558b760680b2e645a8b490",
                "reference": "05525ddb18fb35b0d0558b760680b2e645a8b490",
                "shasum": ""
            },
            "type": "library",
            "notification-url": "https://packagist.org/downloads/",
            "license": [
                "MIT"
            ],
            "authors": [
                {
                    "name": "Sebastian Tschan",
                    "homepage": "https://blueimp.net"
                }
            ],
            "description": "File Upload widget for jQuery.",
            "homepage": "https://github.com/blueimp/jQuery-File-Upload",
            "keywords": [
                "bootstrap",
                "chunk",
                "cross-domain",
                "cross-site",
                "drag",
                "drop",
                "file",
                "gae",
                "go",
                "jquery",
                "multiple",
                "php",
                "preview",
                "progress",
                "python",
                "resume",
                "selection",
                "upload",
                "widget"
            ],
            "time": "2016-06-13 05:50:06"
        },
        {
            "name": "components/bootstrap",
            "version": "3.3.6",
            "source": {
                "type": "git",
                "url": "https://github.com/components/bootstrap.git",
                "reference": "fb4923919c620b8b2aa8a11eda16b49b0a9e8a27"
            },
            "dist": {
                "type": "zip",
                "url": "https://api.github.com/repos/components/bootstrap/zipball/fb4923919c620b8b2aa8a11eda16b49b0a9e8a27",
                "reference": "fb4923919c620b8b2aa8a11eda16b49b0a9e8a27",
                "shasum": ""
            },
            "require": {
                "components/jquery": "1.9.1 - 2"
            },
            "suggest": {
                "components/bootstrap-default": "Provide a theme for Bootstrap as components/bootstrap only provides the CSS as file assets"
            },
            "type": "component",
            "extra": {
                "component": {
                    "scripts": [
                        "js/bootstrap.js"
                    ],
                    "files": [
                        "js/*.js",
                        "css/*.css",
                        "css/*.map",
                        "fonts/*",
                        "less/mixins/*.less",
                        "less/*.less"
                    ],
                    "shim": {
                        "deps": [
                            "jquery"
                        ]
                    }
                }
            },
            "notification-url": "https://packagist.org/downloads/",
            "license": [
                "MIT"
            ],
            "authors": [
                {
                    "name": "Jacob Thornton",
                    "email": "jacobthornton@gmail.com"
                },
                {
                    "name": "Mark Otto",
                    "email": "markdotto@gmail.com"
                }
            ],
            "description": "The most popular front-end framework for developing responsive, mobile first projects on the web.",
            "homepage": "http://getbootstrap.com",
            "keywords": [
                "css",
                "framework",
                "front-end",
                "less",
                "mobile-first",
                "responsive",
                "web"
            ],
            "time": "2015-11-24 20:19:41"
        },
        {
            "name": "components/jquery",
            "version": "2.2.4",
            "source": {
                "type": "git",
                "url": "https://github.com/components/jquery.git",
                "reference": "981036fcb56668433a7eb0d1e71190324b4574df"
            },
            "dist": {
                "type": "zip",
                "url": "https://api.github.com/repos/components/jquery/zipball/981036fcb56668433a7eb0d1e71190324b4574df",
                "reference": "981036fcb56668433a7eb0d1e71190324b4574df",
                "shasum": ""
            },
            "type": "component",
            "extra": {
                "component": {
                    "scripts": [
                        "jquery.js"
                    ],
                    "files": [
                        "jquery.min.js",
                        "jquery.min.map",
                        "jquery-migrate.js",
                        "jquery-migrate.min.js"
                    ]
                }
            },
            "notification-url": "https://packagist.org/downloads/",
            "license": [
                "MIT"
            ],
            "authors": [
                {
                    "name": "John Resig",
                    "email": "jeresig@gmail.com"
                }
            ],
            "description": "jQuery JavaScript Library",
            "homepage": "http://jquery.com",
            "time": "2016-05-25 06:43:59"
        },
        {
            "name": "components/underscore",
            "version": "1.8.3",
            "source": {
                "type": "git",
                "url": "https://github.com/components/underscore.git",
                "reference": "91142c898763ca8bb23a32a9808735e4998839d1"
            },
            "dist": {
                "type": "zip",
                "url": "https://api.github.com/repos/components/underscore/zipball/91142c898763ca8bb23a32a9808735e4998839d1",
                "reference": "91142c898763ca8bb23a32a9808735e4998839d1",
                "shasum": ""
            },
            "type": "component",
            "extra": {
                "component": {
                    "scripts": [
                        "underscore.js"
                    ],
                    "files": [
                        "underscore-min.js",
                        "underscore-min.map"
                    ],
                    "shim": {
                        "exports": "_"
                    }
                }
            },
            "notification-url": "https://packagist.org/downloads/",
            "license": [
                "MIT"
            ],
            "authors": [
                {
                    "name": "Jeremy Ashkenas",
                    "email": "jeremy@documentcloud.org"
                }
            ],
            "description": "JavaScript's functional programming helper library.",
            "homepage": "http://underscorejs.org",
            "keywords": [
                "browser",
                "client",
                "functional",
                "server",
                "util"
            ],
            "time": "2015-10-16 14:27:39"
        },
        {
            "name": "enyo/dropzone",
            "version": "v4.3.0",
            "source": {
                "type": "git",
                "url": "https://github.com/enyo/dropzone.git",
                "reference": "d8ef7a82e6ab5447c1f2d9512c8e1bfd4de5ac9e"
            },
            "dist": {
                "type": "zip",
                "url": "https://api.github.com/repos/enyo/dropzone/zipball/d8ef7a82e6ab5447c1f2d9512c8e1bfd4de5ac9e",
                "reference": "d8ef7a82e6ab5447c1f2d9512c8e1bfd4de5ac9e",
                "shasum": ""
            },
            "type": "library",
            "notification-url": "https://packagist.org/downloads/",
            "license": [
                "MIT"
            ],
            "authors": [
                {
                    "name": "Matias Meno",
                    "email": "m@tias.me",
                    "homepage": "http://www.matiasmeno.com"
                }
            ],
            "description": "Handles drag and drop of files for you.",
            "homepage": "http://www.dropzonejs.com",
            "keywords": [
                "drag and drop",
                "dragndrop",
                "file upload",
                "upload"
            ],
            "time": "2016-02-14 04:19:41"
        },
        {
            "name": "h4cc/wkhtmltoimage-amd64",
            "version": "dev-master",
            "source": {
                "type": "git",
                "url": "https://github.com/h4cc/wkhtmltoimage-amd64.git",
                "reference": "f5d85706fbb41dbfbe62ace2edf0e380fff084ad"
            },
            "dist": {
                "type": "zip",
                "url": "https://api.github.com/repos/h4cc/wkhtmltoimage-amd64/zipball/f5d85706fbb41dbfbe62ace2edf0e380fff084ad",
                "reference": "f5d85706fbb41dbfbe62ace2edf0e380fff084ad",
                "shasum": ""
            },
            "bin": [
                "bin/wkhtmltoimage-amd64"
            ],
            "type": "library",
            "notification-url": "https://packagist.org/downloads/",
            "license": [
                "LGPL Version 3"
            ],
            "authors": [
                {
                    "name": "Julius Beckmann",
                    "email": "github@h4cc.de"
                }
            ],
            "description": "Convert html to image using webkit (qtwebkit). Static linked linux binary for amd64 systems.",
            "homepage": "http://wkhtmltopdf.org/",
            "keywords": [
                "binary",
                "convert",
                "image",
                "snapshot",
                "thumbnail",
                "wkhtmltoimage"
            ],
            "time": "2016-02-02 19:39:01"
        },
        {
            "name": "imagine/imagine",
            "version": "v0.6.3",
            "source": {
                "type": "git",
                "url": "https://github.com/avalanche123/Imagine.git",
                "reference": "149041d2a1b517107bfe270ca2b1a17aa341715d"
            },
            "dist": {
                "type": "zip",
                "url": "https://api.github.com/repos/avalanche123/Imagine/zipball/149041d2a1b517107bfe270ca2b1a17aa341715d",
                "reference": "149041d2a1b517107bfe270ca2b1a17aa341715d",
                "shasum": ""
            },
            "require": {
                "php": ">=5.3.2"
            },
            "require-dev": {
                "sami/sami": "dev-master"
            },
            "suggest": {
                "ext-gd": "to use the GD implementation",
                "ext-gmagick": "to use the Gmagick implementation",
                "ext-imagick": "to use the Imagick implementation"
            },
            "type": "library",
            "extra": {
                "branch-alias": {
                    "dev-develop": "0.7-dev"
                }
            },
            "autoload": {
                "psr-0": {
                    "Imagine": "lib/"
                }
            },
            "notification-url": "https://packagist.org/downloads/",
            "license": [
                "MIT"
            ],
            "authors": [
                {
                    "name": "Bulat Shakirzyanov",
                    "email": "mallluhuct@gmail.com",
                    "homepage": "http://avalanche123.com"
                }
            ],
            "description": "Image processing for PHP 5.3",
            "homepage": "http://imagine.readthedocs.org/",
            "keywords": [
                "drawing",
                "graphics",
                "image manipulation",
                "image processing"
            ],
            "time": "2015-09-19 16:54:05"
        },
        {
            "name": "kangax/fabric.js",
            "version": "master",
            "source": {
                "type": "git",
                "url": "https://github.com/kangax/fabric.js.git",
                "reference": "master"
            },
            "dist": {
                "type": "zip",
                "url": "https://github.com/kangax/fabric.js/archive/master.zip",
                "reference": "master",
                "shasum": null
            },
            "require": {
                "robloach/component-installer": "*"
            },
            "type": "component",
            "extra": {
                "component": {
                    "scripts": [
                        "dist/*"
                    ]
                }
            },
            "time": "2016-07-03 21:52:25"
        },
        {
            "name": "knplabs/knp-snappy",
            "version": "dev-master",
            "source": {
                "type": "git",
                "url": "https://github.com/KnpLabs/snappy.git",
                "reference": "4e55d129d8bc5b92cb7049325929bb6cecada229"
            },
            "dist": {
                "type": "zip",
                "url": "https://api.github.com/repos/KnpLabs/snappy/zipball/4e55d129d8bc5b92cb7049325929bb6cecada229",
                "reference": "4e55d129d8bc5b92cb7049325929bb6cecada229",
                "shasum": ""
            },
            "require": {
                "php": ">=5.3.3",
                "symfony/process": "~2.3|~3.0"
            },
            "require-dev": {
                "phpunit/phpunit": "~4.7"
            },
            "suggest": {
                "h4cc/wkhtmltoimage-amd64": "Provides wkhtmltoimage-amd64 binary for Linux-compatible machines, use version `~0.12` as dependency",
                "h4cc/wkhtmltoimage-i386": "Provides wkhtmltoimage-i386 binary for Linux-compatible machines, use version `~0.12` as dependency",
                "h4cc/wkhtmltopdf-amd64": "Provides wkhtmltopdf-amd64 binary for Linux-compatible machines, use version `~0.12` as dependency",
                "h4cc/wkhtmltopdf-i386": "Provides wkhtmltopdf-i386 binary for Linux-compatible machines, use version `~0.12` as dependency",
                "wemersonjanuario/wkhtmltopdf-windows": "Provides wkhtmltopdf executable for Windows, use version `~0.12` as dependency"
            },
            "type": "library",
            "extra": {
                "branch-alias": {
                    "dev-master": "0.5.x-dev"
                }
            },
            "autoload": {
                "psr-0": {
                    "Knp\\Snappy": "src/"
                }
            },
            "notification-url": "https://packagist.org/downloads/",
            "license": [
                "MIT"
            ],
            "authors": [
                {
                    "name": "KnpLabs Team",
                    "homepage": "http://knplabs.com"
                },
                {
                    "name": "Symfony Community",
                    "homepage": "http://github.com/KnpLabs/snappy/contributors"
                }
            ],
            "description": "PHP5 library allowing thumbnail, snapshot or PDF generation from a url or a html page. Wrapper for wkhtmltopdf/wkhtmltoimage.",
            "homepage": "http://github.com/KnpLabs/snappy",
            "keywords": [
                "knp",
                "knplabs",
                "pdf",
                "snapshot",
                "thumbnail",
                "wkhtmltopdf"
            ],
            "time": "2016-05-23 15:31:37"
        },
        {
            "name": "kriswallsmith/assetic",
            "version": "v1.3.2",
            "source": {
                "type": "git",
                "url": "https://github.com/kriswallsmith/assetic.git",
                "reference": "9928f7c4ad98b234e3559d1049abd13387f86db5"
            },
            "dist": {
                "type": "zip",
                "url": "https://api.github.com/repos/kriswallsmith/assetic/zipball/9928f7c4ad98b234e3559d1049abd13387f86db5",
                "reference": "9928f7c4ad98b234e3559d1049abd13387f86db5",
                "shasum": ""
            },
            "require": {
                "php": ">=5.3.1",
                "symfony/process": "~2.1|~3.0"
            },
            "conflict": {
                "twig/twig": "<1.23"
            },
            "require-dev": {
                "cssmin/cssmin": "3.0.1",
                "joliclic/javascript-packer": "1.1",
                "kamicane/packager": "1.0",
                "leafo/lessphp": "^0.3.7",
                "leafo/scssphp": "~0.1",
                "mrclay/minify": "~2.2",
                "patchwork/jsqueeze": "~1.0|~2.0",
                "phpunit/phpunit": "~4.8",
                "psr/log": "~1.0",
                "ptachoire/cssembed": "~1.0",
                "symfony/phpunit-bridge": "~2.7|~3.0",
                "twig/twig": "~1.8|~2.0"
            },
            "suggest": {
                "leafo/lessphp": "Assetic provides the integration with the lessphp LESS compiler",
                "leafo/scssphp": "Assetic provides the integration with the scssphp SCSS compiler",
                "leafo/scssphp-compass": "Assetic provides the integration with the SCSS compass plugin",
                "patchwork/jsqueeze": "Assetic provides the integration with the JSqueeze JavaScript compressor",
                "ptachoire/cssembed": "Assetic provides the integration with phpcssembed to embed data uris",
                "twig/twig": "Assetic provides the integration with the Twig templating engine"
            },
            "type": "library",
            "extra": {
                "branch-alias": {
                    "dev-master": "1.4-dev"
                }
            },
            "autoload": {
                "psr-0": {
                    "Assetic": "src/"
                },
                "files": [
                    "src/functions.php"
                ]
            },
            "notification-url": "https://packagist.org/downloads/",
            "license": [
                "MIT"
            ],
            "authors": [
                {
                    "name": "Kris Wallsmith",
                    "email": "kris.wallsmith@gmail.com",
                    "homepage": "http://kriswallsmith.net/"
                }
            ],
            "description": "Asset Management for PHP",
            "homepage": "https://github.com/kriswallsmith/assetic",
            "keywords": [
                "assets",
                "compression",
                "minification"
            ],
            "time": "2015-11-12 13:51:40"
        },
        {
            "name": "robloach/component-installer",
            "version": "0.2.3",
            "source": {
                "type": "git",
                "url": "https://github.com/RobLoach/component-installer.git",
                "reference": "908a859aa7c4949ba9ad67091e67bac10b66d3d7"
            },
            "dist": {
                "type": "zip",
                "url": "https://api.github.com/repos/RobLoach/component-installer/zipball/908a859aa7c4949ba9ad67091e67bac10b66d3d7",
                "reference": "908a859aa7c4949ba9ad67091e67bac10b66d3d7",
                "shasum": ""
            },
            "require": {
                "composer-plugin-api": "^1.0",
                "kriswallsmith/assetic": "1.*",
                "php": ">=5.3.2"
            },
            "require-dev": {
                "composer/composer": "1.*@alpha",
                "phpunit/phpunit": "4.*"
            },
            "type": "composer-plugin",
            "extra": {
                "branch-alias": {
                    "dev-master": "1.0.x-dev"
                },
                "class": "ComponentInstaller\\ComponentInstallerPlugin"
            },
            "autoload": {
                "psr-0": {
                    "ComponentInstaller": "src/"
                }
            },
            "notification-url": "https://packagist.org/downloads/",
            "license": [
                "MIT"
            ],
            "authors": [
                {
                    "name": "Rob Loach",
                    "homepage": "http://robloach.net"
                }
            ],
            "description": "Allows installation of Components via Composer.",
            "time": "2015-08-10 12:35:38"
        },
        {
            "name": "symfony/polyfill-mbstring",
            "version": "v1.2.0",
            "source": {
                "type": "git",
                "url": "https://github.com/symfony/polyfill-mbstring.git",
                "reference": "dff51f72b0706335131b00a7f49606168c582594"
            },
            "dist": {
                "type": "zip",
                "url": "https://api.github.com/repos/symfony/polyfill-mbstring/zipball/dff51f72b0706335131b00a7f49606168c582594",
                "reference": "dff51f72b0706335131b00a7f49606168c582594",
                "shasum": ""
            },
            "require": {
                "php": ">=5.3.3"
            },
            "suggest": {
                "ext-mbstring": "For best performance"
            },
            "type": "library",
            "extra": {
                "branch-alias": {
                    "dev-master": "1.2-dev"
                }
            },
            "autoload": {
                "psr-4": {
                    "Symfony\\Polyfill\\Mbstring\\": ""
                },
                "files": [
                    "bootstrap.php"
                ]
            },
            "notification-url": "https://packagist.org/downloads/",
            "license": [
                "MIT"
            ],
            "authors": [
                {
                    "name": "Nicolas Grekas",
                    "email": "p@tchwork.com"
                },
                {
                    "name": "Symfony Community",
                    "homepage": "https://symfony.com/contributors"
                }
            ],
            "description": "Symfony polyfill for the Mbstring extension",
            "homepage": "https://symfony.com",
            "keywords": [
                "compatibility",
                "mbstring",
                "polyfill",
                "portable",
                "shim"
            ],
            "time": "2016-05-18 14:26:46"
        },
        {
            "name": "symfony/process",
            "version": "v3.1.2",
            "source": {
                "type": "git",
                "url": "https://github.com/symfony/process.git",
                "reference": "5c11a1a4d4016662eeaf0f8757958c7de069f9a0"
            },
            "dist": {
                "type": "zip",
                "url": "https://api.github.com/repos/symfony/process/zipball/5c11a1a4d4016662eeaf0f8757958c7de069f9a0",
                "reference": "5c11a1a4d4016662eeaf0f8757958c7de069f9a0",
                "shasum": ""
            },
            "require": {
                "php": ">=5.5.9"
            },
            "type": "library",
            "extra": {
                "branch-alias": {
                    "dev-master": "3.1-dev"
                }
            },
            "autoload": {
                "psr-4": {
                    "Symfony\\Component\\Process\\": ""
                },
                "exclude-from-classmap": [
                    "/Tests/"
                ]
            },
            "notification-url": "https://packagist.org/downloads/",
            "license": [
                "MIT"
            ],
            "authors": [
                {
                    "name": "Fabien Potencier",
                    "email": "fabien@symfony.com"
                },
                {
                    "name": "Symfony Community",
                    "homepage": "https://symfony.com/contributors"
                }
            ],
            "description": "Symfony Process Component",
            "homepage": "https://symfony.com",
            "time": "2016-06-29 05:42:25"
        },
        {
            "name": "tecnickcom/tcpdf",
            "version": "dev-master",
            "source": {
                "type": "git",
                "url": "https://github.com/tecnickcom/TCPDF.git",
                "reference": "009f2304c3a9c8152b89a5321a8825f250911dc3"
            },
            "dist": {
                "type": "zip",
                "url": "https://api.github.com/repos/tecnickcom/TCPDF/zipball/009f2304c3a9c8152b89a5321a8825f250911dc3",
                "reference": "009f2304c3a9c8152b89a5321a8825f250911dc3",
                "shasum": ""
            },
            "require": {
                "php": ">=5.3.0"
            },
            "type": "library",
            "autoload": {
                "classmap": [
                    "fonts",
                    "config",
                    "include",
                    "tcpdf.php",
                    "tcpdf_parser.php",
                    "tcpdf_import.php",
                    "tcpdf_barcodes_1d.php",
                    "tcpdf_barcodes_2d.php",
                    "include/tcpdf_colors.php",
                    "include/tcpdf_filters.php",
                    "include/tcpdf_font_data.php",
                    "include/tcpdf_fonts.php",
                    "include/tcpdf_images.php",
                    "include/tcpdf_static.php",
                    "include/barcodes/datamatrix.php",
                    "include/barcodes/pdf417.php",
                    "include/barcodes/qrcode.php"
                ]
            },
            "notification-url": "https://packagist.org/downloads/",
            "license": [
                "LGPLv3"
            ],
            "authors": [
                {
                    "name": "Nicola Asuni",
                    "email": "info@tecnick.com",
                    "homepage": "http://nicolaasuni.tecnick.com"
                }
            ],
            "description": "TCPDF is a PHP class for generating PDF documents and barcodes.",
            "homepage": "http://www.tcpdf.org/",
            "keywords": [
                "PDFD32000-2008",
                "TCPDF",
                "barcodes",
                "datamatrix",
                "pdf",
                "pdf417",
                "qrcode"
            ],
            "time": "2016-06-10 17:46:02"
        },
        {
            "name": "twig/twig",
            "version": "dev-master",
            "source": {
                "type": "git",
                "url": "https://github.com/twigphp/Twig.git",
                "reference": "cf96ecf366eb24cfe680b62f9134b5ddc9b86818"
            },
            "dist": {
                "type": "zip",
                "url": "https://api.github.com/repos/twigphp/Twig/zipball/cf96ecf366eb24cfe680b62f9134b5ddc9b86818",
                "reference": "cf96ecf366eb24cfe680b62f9134b5ddc9b86818",
                "shasum": ""
            },
            "require": {
                "php": ">=5.5",
                "symfony/polyfill-mbstring": "~1.0"
            },
            "require-dev": {
                "symfony/debug": "~2.7",
                "symfony/phpunit-bridge": "~2.7"
            },
            "type": "library",
            "extra": {
                "branch-alias": {
                    "dev-master": "2.0-dev"
                }
            },
            "autoload": {
                "psr-0": {
                    "Twig_": "lib/"
                }
            },
            "notification-url": "https://packagist.org/downloads/",
            "license": [
                "BSD-3-Clause"
            ],
            "authors": [
                {
                    "name": "Fabien Potencier",
                    "email": "fabien@symfony.com",
                    "homepage": "http://fabien.potencier.org",
                    "role": "Lead Developer"
                },
                {
                    "name": "Armin Ronacher",
                    "email": "armin.ronacher@active-4.com",
                    "role": "Project Founder"
                },
                {
                    "name": "Twig Team",
                    "homepage": "http://twig.sensiolabs.org/contributors",
                    "role": "Contributors"
                }
            ],
            "description": "Twig, the flexible, fast, and secure template language for PHP",
            "homepage": "http://twig.sensiolabs.org",
            "keywords": [
                "templating"
            ],
            "time": "2016-05-30 09:07:11"
        },
        {
            "name": "uxder/Radio",
            "version": "master",
            "source": {
                "type": "git",
                "url": "https://github.com/uxder/Radio.git",
                "reference": "master"
            },
            "dist": {
                "type": "zip",
                "url": "https://github.com/uxder/Radio/archive/master.zip",
                "reference": "master",
                "shasum": null
            },
            "require": {
                "robloach/component-installer": "*"
            },
            "type": "component",
            "extra": {
                "component": {
                    "scripts": [
                        "radio.min.js"
                    ]
                }
            },
            "time": "2015-07-22 04:18:46"
        }
    ],
    "packages-dev": [],
    "aliases": [],
    "minimum-stability": "stable",
    "stability-flags": {
        "h4cc/wkhtmltoimage-amd64": 20,
        "knplabs/knp-snappy": 20,
        "tecnickcom/tcpdf": 20,
        "blueimp/jquery-file-upload": 20,
        "kangax/fabric.js": 20,
        "uxder/radio": 20,
        "twig/twig": 20
    },
    "prefer-stable": false,
    "prefer-lowest": false,
    "platform": {
        "php": ">=5.5"
    },
    "platform-dev": []
}
